PODS:
  - PromisedRestfulSwift (1.0):
    - PromiseKit (~> 6.13.0)
  - PromiseKit (6.13.0):
    - PromiseKit/CorePromise (= 6.13.0)
    - PromiseKit/Foundation (= 6.13.0)
    - PromiseKit/UIKit (= 6.13.0)
  - PromiseKit/CorePromise (6.13.0)
  - PromiseKit/Foundation (6.13.0):
    - PromiseKit/CorePromise
  - PromiseKit/UIKit (6.13.0):
    - PromiseKit/CorePromise
  - SwiftLint (0.39.2)

DEPENDENCIES:
  - PromisedRestfulSwift (from `../`)
  - PromiseKit (= 6.13.0)
  - SwiftLint (= 0.39.2)

SPEC REPOS:
  trunk:
    - PromiseKit
    - SwiftLint

EXTERNAL SOURCES:
  PromisedRestfulSwift:
    :path: "../"

SPEC CHECKSUMS:
  PromisedRestfulSwift: 207d75af99de5e7cb1affb9234fd6f014860f30a
  PromiseKit: c8668a559f26c98277a543192c51bc38dd2dfc76
  SwiftLint: 22ccbbe3b8008684be5955693bab135e0ed6a447

PODFILE CHECKSUM: e158ad9eefd826c0d74cd46ba710b10c733d9e20

COCOAPODS: 1.9.1
